Microsoft Visual Studio Solution File, Format Version 12.00
# Visual Studio Version 17
VisualStudioVersion = 17.5.2.0
MinimumVisualStudioVersion = 10.0.40219.1
Project("{FAE04EC0-301F-11D3-BF4B-00C04F79EFBC}") = "GestionVentas", "GestionVentas.csproj", "{A55E8237-7FE4-C63F-17DF-B4FC54027161}"
EndProject
Global
	GlobalSection(SolutionConfigurationPlatforms) = preSolution
		Debug|Any CPU = Debug|Any CPU
		Release|Any CPU = Release|Any CPU
	EndGlobalSection
	GlobalSection(ProjectConfigurationPlatforms) = postSolution
		{A55E8237-7FE4-C63F-17DF-B4FC54027161}.Debug|Any CPU.ActiveCfg = Debug|Any CPU
		{A55E8237-7FE4-C63F-17DF-B4FC54027161}.Debug|Any CPU.Build.0 = Debug|Any CPU
		{A55E8237-7FE4-C63F-17DF-B4FC54027161}.Release|Any CPU.ActiveCfg = Release|Any CPU
		{A55E8237-7FE4-C63F-17DF-B4FC54027161}.Release|Any CPU.Build.0 = Release|Any CPU
	EndGlobalSection
	GlobalSection(SolutionProperties) = preSolution
		HideSolutionNode = FALSE
	EndGlobalSection
	GlobalSection(ExtensibilityGlobals) = postSolution
		SolutionGuid = {FBE0A09D-224C-4323-B06E-AB05D88305A0}
	EndGlobalSection
EndGlobal
